
Microsoft Visual Studio Solution File, Format Version 12.00
# Visual Studio Version 16
VisualStudioVersion = 16.0.29728.190
MinimumVisualStudioVersion = 10.0.40219.1
Project("{FAE04EC0-301F-11D3-BF4B-00C04F79EFBC}") = "MovieLibrary", "MovieLibrary\MovieLibrary.csproj", "{69BFBF5E-D789-4E65-A9CA-046CBF9DA333}"
EndProject
Global
	GlobalSection(SolutionConfigurationPlatforms) = preSolution
		Debug|Any CPU = Debug|Any CPU
		Release|Any CPU = Release|Any CPU
	EndGlobalSection
	GlobalSection(ProjectConfigurationPlatforms) = postSolution
		{69BFBF5E-D789-4E65-A9CA-046CBF9DA333}.Debug|Any CPU.ActiveCfg = Debug|Any CPU
		{69BFBF5E-D789-4E65-A9CA-046CBF9DA333}.Debug|Any CPU.Build.0 = Debug|Any CPU
		{69BFBF5E-D789-4E65-A9CA-046CBF9DA333}.Release|Any CPU.ActiveCfg = Release|Any CPU
		{69BFBF5E-D789-4E65-A9CA-046CBF9DA333}.Release|Any CPU.Build.0 = Release|Any CPU
	EndGlobalSection
	GlobalSection(SolutionProperties) = preSolution
		HideSolutionNode = FALSE
	EndGlobalSection
	GlobalSection(ExtensibilityGlobals) = postSolution
		SolutionGuid = {EF25C02A-2C92-4DDB-A0AB-6F0A58509523}
	EndGlobalSection
EndGlobal
