
Microsoft Visual Studio Solution File, Format Version 12.00
# Visual Studio Version 16
VisualStudioVersion = 16.0.29102.190
MinimumVisualStudioVersion = 10.0.40219.1
Project("{FAE04EC0-301F-11D3-BF4B-00C04F79EFBC}") = "Section1", "Section1\Section1.csproj", "{2D5FA60D-F25C-4810-ADE1-BE0A86B32A02}"
EndProject
Global
	GlobalSection(SolutionConfigurationPlatforms) = preSolution
		Debug|Any CPU = Debug|Any CPU
		Release|Any CPU = Release|Any CPU
	EndGlobalSection
	GlobalSection(ProjectConfigurationPlatforms) = postSolution
		{2D5FA60D-F25C-4810-ADE1-BE0A86B32A02}.Debug|Any CPU.ActiveCfg = Debug|Any CPU
		{2D5FA60D-F25C-4810-ADE1-BE0A86B32A02}.Debug|Any CPU.Build.0 = Debug|Any CPU
		{2D5FA60D-F25C-4810-ADE1-BE0A86B32A02}.Release|Any CPU.ActiveCfg = Release|Any CPU
		{2D5FA60D-F25C-4810-ADE1-BE0A86B32A02}.Release|Any CPU.Build.0 = Release|Any CPU
	EndGlobalSection
	GlobalSection(SolutionProperties) = preSolution
		HideSolutionNode = FALSE
	EndGlobalSection
	GlobalSection(ExtensibilityGlobals) = postSolution
		SolutionGuid = {994ED0A3-5F89-4BE7-A919-B726FB08C792}
	EndGlobalSection
EndGlobal
